
Microsoft Visual Studio Solution File, Format Version 12.00
# Visual Studio Version 17
VisualStudioVersion = 17.7.33711.374
MinimumVisualStudioVersion = 10.0.40219.1
Project("{9A19103F-16F7-4668-BE54-9A1E7A4F7556}") = "LeetCode.Arrays", "LeetCode.Arrays\LeetCode.Arrays.csproj", "{6982AF6A-B66A-4FA6-8949-E3BA64750BBB}"
EndProject
Project("{9A19103F-16F7-4668-BE54-9A1E7A4F7556}") = "LeetCode.LinkedList", "LeetCode.LinkedList\LeetCode.LinkedList.csproj", "{35E48425-A23F-4CC9-AD7C-21F44D33D050}"
EndProject
Project("{9A19103F-16F7-4668-BE54-9A1E7A4F7556}") = "LeetCode.ArrayString", "LeetCode.ArrayString\LeetCode.ArrayString.csproj", "{4338BE0D-319F-4B2B-A3CF-5BB60E10D3B5}"
EndProject
Project("{9A19103F-16F7-4668-BE54-9A1E7A4F7556}") = "LeetCode.HashTable", "LeetCode.HashTable\LeetCode.HashTable.csproj", "{817DB11F-3FB6-4E61-9A01-01C58FA67C0A}"
EndProject
Project("{9A19103F-16F7-4668-BE54-9A1E7A4F7556}") = "LeetCode.Microsoft", "LeetCode.Microsoft\LeetCode.Microsoft.csproj", "{A9EFE5AA-FFCC-4646-BCF5-B96F7665A7A6}"
EndProject
Project("{2150E333-8FDC-42A3-9474-1A3956D46DE8}") = "DataBaseQueries", "DataBaseQueries", "{891B0441-3EC4-4EC2-B8E5-E01B7576E714}"
	ProjectSection(SolutionItems) = preProject
		Ad-FreeSessions.sql = Ad-FreeSessions.sql
		AdsPerformance.sql = AdsPerformance.sql
		AllValidTripletsCanRepresentCountry.sql = AllValidTripletsCanRepresentCountry.sql
		ArticleViewsI.sql = ArticleViewsI.sql
		BankAccountSummaryII.sql = BankAccountSummaryII.sql
		BigCountries.sql = BigCountries.sql
		BikesLastTimeUsed.sql = BikesLastTimeUsed.sql
		ClassifyingTrianglesLengths.sql = ClassifyingTrianglesLengths.sql
		ClassPerformance.sql = ClassPerformance.sql
		ConcatenateNameProfession.sql = ConcatenateNameProfession.sql
		ConsecutiveAvailableSeats.sql = ConsecutiveAvailableSeats.sql
		ConvertDateFormat.sql = ConvertDateFormat.sql
		CountArtistOccurrencesSpotifyRankingList.sql = CountArtistOccurrencesSpotifyRankingList.sql
		CreateSessionBarChart.sql = CreateSessionBarChart.sql
		CustomerOrderFrequency.sql = CustomerOrderFrequency.sql
		DeleteDuplicateEmails.sql = DeleteDuplicateEmails.sql
		EmployeesEarningMoreThanTheirManagers.sql = EmployeesEarningMoreThanTheirManagers.sql
		EmployeesWhoseManagerLeftCompany.sql = EmployeesWhoseManagerLeftCompany.sql
		ExchangeSeats.sql = ExchangeSeats.sql
		FindAllUniqueEmailDomains.sql = FindAllUniqueEmailDomains.sql
		FindCandidatesDataScientistPosition.sql = FindCandidatesDataScientistPosition.sql
		FindCustomerReferee.sql = FindCustomerReferee.sql
		FindCustomersPositiveRevenueYear.sql = FindCustomersPositiveRevenueYear.sql
		FindExpensiveCities.sql = FindExpensiveCities.sql
		FindLatestSalaries.sql = FindLatestSalaries.sql
		FindTeamSize.sql = FindTeamSize.sql
		FindUsersWithValidE-Mails.sql = FindUsersWithValidE-Mails.sql
		FixNamesTable.sql = FixNamesTable.sql
		FixProductNameFormat.sql = FixProductNameFormat.sql
		FormChemicalBond.sql = FormChemicalBond.sql
		FriendlyMoviesStreamedLastMonth.sql = FriendlyMoviesStreamedLastMonth.sql
		FriendRequestsOverallAcceptanceRate.sql = FriendRequestsOverallAcceptanceRate.sql
		GamePlayAnalysisII.sql = GamePlayAnalysisII.sql
		GroupSoldProductsByDate.sql = GroupSoldProductsByDate.sql
		HighestSalariesDifference.sql = HighestSalariesDifference.sql
		ImmediateFoodDeliveryI.sql = ImmediateFoodDeliveryI.sql
		InvalidTweets.sql = InvalidTweets.sql
		LatestLogin2020.sql = LatestLogin2020.sql
		ListProductsOrderedPeriod.sql = ListProductsOrderedPeriod.sql
		LoanTypes.sql = LoanTypes.sql
		Low-QualityProblems.sql = Low-QualityProblems.sql
		MovieRating.sql = MovieRating.sql
		NumberCommentsPost.sql = NumberCommentsPost.sql
		NumberRichCustomers.sql = NumberRichCustomers.sql
		PatientsWithCondition.sql = PatientsWithCondition.sql
		ProductPriceEachStore.sql = ProductPriceEachStore.sql
		ProductSalesAnalysisII.sql = ProductSalesAnalysisII.sql
		ProductSalesAnalysisV.sql = ProductSalesAnalysisV.sql
		ProductWorthOverInvoices.sql = ProductWorthOverInvoices.sql
		ProjectEmployeesII.sql = ProjectEmployeesII.sql
		RearrangeProductsTable.sql = RearrangeProductsTable.sql
		RecyclableLowFatProducts.sql = RecyclableLowFatProducts.sql
		ReformatDepartmentTable.sql = ReformatDepartmentTable.sql
		ReplaceEmployeeIDUniqueIdentifier.sql = ReplaceEmployeeIDUniqueIdentifier.sql
		ReportedPosts.sql = ReportedPosts.sql
		SalesAnalysisI.sql = SalesAnalysisI.sql
		SalesAnalysisII.sql = SalesAnalysisII.sql
		SalesAnalysisIII.sql = SalesAnalysisIII.sql
		SellersWithNoSales.sql = SellersWithNoSales.sql
		ShortestDistanceinLine.sql = ShortestDistanceinLine.sql
		SortOlympicTable.sql = SortOlympicTable.sql
		StudentsInvalidDepartments.sql = StudentsInvalidDepartments.sql
		TheWinnerUniversity.sql = TheWinnerUniversity.sql
		TotalTraveledDistance.sql = TotalTraveledDistance.sql
		UniqueOrdersCustomersPerMonth.sql = UniqueOrdersCustomersPerMonth.sql
		UserActivityPast30DaysII.sql = UserActivityPast30DaysII.sql
		UsersActivelyRequestConfirmationMessages.sql = UsersActivelyRequestConfirmationMessages.sql
		WarehouseManager.sql = WarehouseManager.sql
		WeatherTypeEachCountry.sql = WeatherTypeEachCountry.sql
	EndProjectSection
EndProject
Project("{9A19103F-16F7-4668-BE54-9A1E7A4F7556}") = "LeetCode.QueueStack", "LeetCode.QueueStack\LeetCode.QueueStack.csproj", "{0D068D36-E7E4-4751-A1BD-BC5F5D926565}"
EndProject
Project("{FAE04EC0-301F-11D3-BF4B-00C04F79EFBC}") = "LeetCode.String", "LeetCode.String\LeetCode.String.csproj", "{86B5EEC0-1F21-4A0F-B8E3-9835F004FB26}"
EndProject
Global
	GlobalSection(SolutionConfigurationPlatforms) = preSolution
		Debug|Any CPU = Debug|Any CPU
		Release|Any CPU = Release|Any CPU
	EndGlobalSection
	GlobalSection(ProjectConfigurationPlatforms) = postSolution
		{6982AF6A-B66A-4FA6-8949-E3BA64750BBB}.Debug|Any CPU.ActiveCfg = Debug|Any CPU
		{6982AF6A-B66A-4FA6-8949-E3BA64750BBB}.Debug|Any CPU.Build.0 = Debug|Any CPU
		{6982AF6A-B66A-4FA6-8949-E3BA64750BBB}.Release|Any CPU.ActiveCfg = Release|Any CPU
		{6982AF6A-B66A-4FA6-8949-E3BA64750BBB}.Release|Any CPU.Build.0 = Release|Any CPU
		{35E48425-A23F-4CC9-AD7C-21F44D33D050}.Debug|Any CPU.ActiveCfg = Debug|Any CPU
		{35E48425-A23F-4CC9-AD7C-21F44D33D050}.Debug|Any CPU.Build.0 = Debug|Any CPU
		{35E48425-A23F-4CC9-AD7C-21F44D33D050}.Release|Any CPU.ActiveCfg = Release|Any CPU
		{35E48425-A23F-4CC9-AD7C-21F44D33D050}.Release|Any CPU.Build.0 = Release|Any CPU
		{4338BE0D-319F-4B2B-A3CF-5BB60E10D3B5}.Debug|Any CPU.ActiveCfg = Debug|Any CPU
		{4338BE0D-319F-4B2B-A3CF-5BB60E10D3B5}.Debug|Any CPU.Build.0 = Debug|Any CPU
		{4338BE0D-319F-4B2B-A3CF-5BB60E10D3B5}.Release|Any CPU.ActiveCfg = Release|Any CPU
		{4338BE0D-319F-4B2B-A3CF-5BB60E10D3B5}.Release|Any CPU.Build.0 = Release|Any CPU
		{817DB11F-3FB6-4E61-9A01-01C58FA67C0A}.Debug|Any CPU.ActiveCfg = Debug|Any CPU
		{817DB11F-3FB6-4E61-9A01-01C58FA67C0A}.Debug|Any CPU.Build.0 = Debug|Any CPU
		{817DB11F-3FB6-4E61-9A01-01C58FA67C0A}.Release|Any CPU.ActiveCfg = Release|Any CPU
		{817DB11F-3FB6-4E61-9A01-01C58FA67C0A}.Release|Any CPU.Build.0 = Release|Any CPU
		{A9EFE5AA-FFCC-4646-BCF5-B96F7665A7A6}.Debug|Any CPU.ActiveCfg = Debug|Any CPU
		{A9EFE5AA-FFCC-4646-BCF5-B96F7665A7A6}.Debug|Any CPU.Build.0 = Debug|Any CPU
		{A9EFE5AA-FFCC-4646-BCF5-B96F7665A7A6}.Release|Any CPU.ActiveCfg = Release|Any CPU
		{A9EFE5AA-FFCC-4646-BCF5-B96F7665A7A6}.Release|Any CPU.Build.0 = Release|Any CPU
		{0D068D36-E7E4-4751-A1BD-BC5F5D926565}.Debug|Any CPU.ActiveCfg = Debug|Any CPU
		{0D068D36-E7E4-4751-A1BD-BC5F5D926565}.Debug|Any CPU.Build.0 = Debug|Any CPU
		{0D068D36-E7E4-4751-A1BD-BC5F5D926565}.Release|Any CPU.ActiveCfg = Release|Any CPU
		{0D068D36-E7E4-4751-A1BD-BC5F5D926565}.Release|Any CPU.Build.0 = Release|Any CPU
		{86B5EEC0-1F21-4A0F-B8E3-9835F004FB26}.Debug|Any CPU.ActiveCfg = Debug|Any CPU
		{86B5EEC0-1F21-4A0F-B8E3-9835F004FB26}.Debug|Any CPU.Build.0 = Debug|Any CPU
		{86B5EEC0-1F21-4A0F-B8E3-9835F004FB26}.Release|Any CPU.ActiveCfg = Release|Any CPU
		{86B5EEC0-1F21-4A0F-B8E3-9835F004FB26}.Release|Any CPU.Build.0 = Release|Any CPU
	EndGlobalSection
	GlobalSection(SolutionProperties) = preSolution
		HideSolutionNode = FALSE
	EndGlobalSection
	GlobalSection(ExtensibilityGlobals) = postSolution
		SolutionGuid = {914D4CE0-3348-4785-BEEA-E0335D0A6E27}
	EndGlobalSection
EndGlobal
