
Microsoft Visual Studio Solution File, Format Version 12.00
# Visual Studio Version 17
VisualStudioVersion = 17.7.33711.374
MinimumVisualStudioVersion = 10.0.40219.1
Project("{9A19103F-16F7-4668-BE54-9A1E7A4F7556}") = "LeetCode.Arrays", "LeetCode.Arrays\LeetCode.Arrays.csproj", "{6982AF6A-B66A-4FA6-8949-E3BA64750BBB}"
EndProject
Project("{9A19103F-16F7-4668-BE54-9A1E7A4F7556}") = "LeetCode.LinkedList", "LeetCode.LinkedList\LeetCode.LinkedList.csproj", "{35E48425-A23F-4CC9-AD7C-21F44D33D050}"
EndProject
Project("{9A19103F-16F7-4668-BE54-9A1E7A4F7556}") = "LeetCode.ArrayString", "LeetCode.ArrayString\LeetCode.ArrayString.csproj", "{4338BE0D-319F-4B2B-A3CF-5BB60E10D3B5}"
EndProject
Project("{FAE04EC0-301F-11D3-BF4B-00C04F79EFBC}") = "LeetCode.HashTable", "LeetCode.HashTable\LeetCode.HashTable.csproj", "{817DB11F-3FB6-4E61-9A01-01C58FA67C0A}"
EndProject
Global
	GlobalSection(SolutionConfigurationPlatforms) = preSolution
		Debug|Any CPU = Debug|Any CPU
		Release|Any CPU = Release|Any CPU
	EndGlobalSection
	GlobalSection(ProjectConfigurationPlatforms) = postSolution
		{6982AF6A-B66A-4FA6-8949-E3BA64750BBB}.Debug|Any CPU.ActiveCfg = Debug|Any CPU
		{6982AF6A-B66A-4FA6-8949-E3BA64750BBB}.Debug|Any CPU.Build.0 = Debug|Any CPU
		{6982AF6A-B66A-4FA6-8949-E3BA64750BBB}.Release|Any CPU.ActiveCfg = Release|Any CPU
		{6982AF6A-B66A-4FA6-8949-E3BA64750BBB}.Release|Any CPU.Build.0 = Release|Any CPU
		{35E48425-A23F-4CC9-AD7C-21F44D33D050}.Debug|Any CPU.ActiveCfg = Debug|Any CPU
		{35E48425-A23F-4CC9-AD7C-21F44D33D050}.Debug|Any CPU.Build.0 = Debug|Any CPU
		{35E48425-A23F-4CC9-AD7C-21F44D33D050}.Release|Any CPU.ActiveCfg = Release|Any CPU
		{35E48425-A23F-4CC9-AD7C-21F44D33D050}.Release|Any CPU.Build.0 = Release|Any CPU
		{4338BE0D-319F-4B2B-A3CF-5BB60E10D3B5}.Debug|Any CPU.ActiveCfg = Debug|Any CPU
		{4338BE0D-319F-4B2B-A3CF-5BB60E10D3B5}.Debug|Any CPU.Build.0 = Debug|Any CPU
		{4338BE0D-319F-4B2B-A3CF-5BB60E10D3B5}.Release|Any CPU.ActiveCfg = Release|Any CPU
		{4338BE0D-319F-4B2B-A3CF-5BB60E10D3B5}.Release|Any CPU.Build.0 = Release|Any CPU
		{817DB11F-3FB6-4E61-9A01-01C58FA67C0A}.Debug|Any CPU.ActiveCfg = Debug|Any CPU
		{817DB11F-3FB6-4E61-9A01-01C58FA67C0A}.Debug|Any CPU.Build.0 = Debug|Any CPU
		{817DB11F-3FB6-4E61-9A01-01C58FA67C0A}.Release|Any CPU.ActiveCfg = Release|Any CPU
		{817DB11F-3FB6-4E61-9A01-01C58FA67C0A}.Release|Any CPU.Build.0 = Release|Any CPU
	EndGlobalSection
	GlobalSection(SolutionProperties) = preSolution
		HideSolutionNode = FALSE
	EndGlobalSection
	GlobalSection(ExtensibilityGlobals) = postSolution
		SolutionGuid = {914D4CE0-3348-4785-BEEA-E0335D0A6E27}
	EndGlobalSection
EndGlobal
